
Microsoft Visual Studio Solution File, Format Version 12.00
# Visual Studio Version 17
VisualStudioVersion = 17.13.35825.156
MinimumVisualStudioVersion = 10.0.40219.1
Project("{FAE04EC0-301F-11D3-BF4B-00C04F79EFBC}") = "TaskManagerWeb", "TaskManagerWeb\TaskManagerWeb.csproj", "{5F535F57-31E0-4630-BB49-36D2D382B2BE}"
EndProject
Project("{FAE04EC0-301F-11D3-BF4B-00C04F79EFBC}") = "TaskManager.DataAccess", "TaskManager.DataAccess\TaskManager.DataAccess.csproj", "{AAFBB34F-8A99-4451-B6EF-7169D91874FB}"
EndProject
Project("{FAE04EC0-301F-11D3-BF4B-00C04F79EFBC}") = "TaskManagerWEB.Api", "TaskManagerWEB.Api\TaskManagerWEB.Api.csproj", "{207F31EB-4B6C-4A69-BBAF-380E72EC097C}"
EndProject
Global
	GlobalSection(SolutionConfigurationPlatforms) = preSolution
		Debug|Any CPU = Debug|Any CPU
		Release|Any CPU = Release|Any CPU
	EndGlobalSection
	GlobalSection(ProjectConfigurationPlatforms) = postSolution
		{5F535F57-31E0-4630-BB49-36D2D382B2BE}.Debug|Any CPU.ActiveCfg = Debug|Any CPU
		{5F535F57-31E0-4630-BB49-36D2D382B2BE}.Debug|Any CPU.Build.0 = Debug|Any CPU
		{5F535F57-31E0-4630-BB49-36D2D382B2BE}.Release|Any CPU.ActiveCfg = Release|Any CPU
		{5F535F57-31E0-4630-BB49-36D2D382B2BE}.Release|Any CPU.Build.0 = Release|Any CPU
		{AAFBB34F-8A99-4451-B6EF-7169D91874FB}.Debug|Any CPU.ActiveCfg = Debug|Any CPU
		{AAFBB34F-8A99-4451-B6EF-7169D91874FB}.Debug|Any CPU.Build.0 = Debug|Any CPU
		{AAFBB34F-8A99-4451-B6EF-7169D91874FB}.Release|Any CPU.ActiveCfg = Release|Any CPU
		{AAFBB34F-8A99-4451-B6EF-7169D91874FB}.Release|Any CPU.Build.0 = Release|Any CPU
		{207F31EB-4B6C-4A69-BBAF-380E72EC097C}.Debug|Any CPU.ActiveCfg = Debug|Any CPU
		{207F31EB-4B6C-4A69-BBAF-380E72EC097C}.Debug|Any CPU.Build.0 = Debug|Any CPU
		{207F31EB-4B6C-4A69-BBAF-380E72EC097C}.Release|Any CPU.ActiveCfg = Release|Any CPU
		{207F31EB-4B6C-4A69-BBAF-380E72EC097C}.Release|Any CPU.Build.0 = Release|Any CPU
	EndGlobalSection
	GlobalSection(SolutionProperties) = preSolution
		HideSolutionNode = FALSE
	EndGlobalSection
	GlobalSection(ExtensibilityGlobals) = postSolution
		SolutionGuid = {77DBD74F-2E8C-4B69-BE88-A9860C85492D}
	EndGlobalSection
EndGlobal
